// !$*UTF8*$!
{
	archiveVersion = 1;
	classes = {
	};
	objectVersion = 56;
	objects = {

/* Begin PBXBuildFile section */
		8C2D27672B58C47000268FA2 /* ContentView.swift in Sources */ = {isa = PBXBuildFile; fileRef = 8C2D27662B58C47000268FA2 /* ContentView.swift */; };
		8C2D27692B58C47100268FA2 /* Assets.xcassets in Resources */ = {isa = PBXBuildFile; fileRef = 8C2D27682B58C47100268FA2 /* Assets.xcassets */; };
		8C2D276C2B58C47100268FA2 /* Preview Assets.xcassets in Resources */ = {isa = PBXBuildFile; fileRef = 8C2D276B2B58C47100268FA2 /* Preview Assets.xcassets */; };
		8C2D27762B58C47100268FA2 /* Restaurant_Ordering_AppTests.swift in Sources */ = {isa = PBXBuildFile; fileRef = 8C2D27752B58C47100268FA2 /* Restaurant_Ordering_AppTests.swift */; };
		8C2D27802B58C47100268FA2 /* Restaurant_Ordering_AppUITests.swift in Sources */ = {isa = PBXBuildFile; fileRef = 8C2D277F2B58C47100268FA2 /* Restaurant_Ordering_AppUITests.swift */; };
		8C2D27822B58C47100268FA2 /* Restaurant_Ordering_AppUITestsLaunchTests.swift in Sources */ = {isa = PBXBuildFile; fileRef = 8C2D27812B58C47100268FA2 /* Restaurant_Ordering_AppUITestsLaunchTests.swift */; };
		8C2D278F2B58C4A500268FA2 /* CheckoutView.swift in Sources */ = {isa = PBXBuildFile; fileRef = 8C2D278E2B58C4A500268FA2 /* CheckoutView.swift */; };
		8C2D27912B58C4B400268FA2 /* Helper.swift in Sources */ = {isa = PBXBuildFile; fileRef = 8C2D27902B58C4B400268FA2 /* Helper.swift */; };
		8C2D27952B58C4DD00268FA2 /* ItemDetail.swift in Sources */ = {isa = PBXBuildFile; fileRef = 8C2D27942B58C4DD00268FA2 /* ItemDetail.swift */; };
		8C2D27972B58C4E900268FA2 /* ItemRow.swift in Sources */ = {isa = PBXBuildFile; fileRef = 8C2D27962B58C4E900268FA2 /* ItemRow.swift */; };
		8C2D27992B58C4F300268FA2 /* MainView.swift in Sources */ = {isa = PBXBuildFile; fileRef = 8C2D27982B58C4F300268FA2 /* MainView.swift */; };
		8C2D279B2B58C4FD00268FA2 /* Menu.swift in Sources */ = {isa = PBXBuildFile; fileRef = 8C2D279A2B58C4FD00268FA2 /* Menu.swift */; };
		8C2D279D2B58C50800268FA2 /* Order.swift in Sources */ = {isa = PBXBuildFile; fileRef = 8C2D279C2B58C50800268FA2 /* Order.swift */; };
		8C2D279F2B58C51300268FA2 /* OrderView.swift in Sources */ = {isa = PBXBuildFile; fileRef = 8C2D279E2B58C51300268FA2 /* OrderView.swift */; };
		8C2D27A52B58C61400268FA2 /* menu.json in Resources */ = {isa = PBXBuildFile; fileRef = 8C2D27A42B58C61400268FA2 /* menu.json */; };
		8C2D27A72B58C79A00268FA2 /* RestaurantApp.swift in Sources */ = {isa = PBXBuildFile; fileRef = 8C2D27A62B58C79A00268FA2 /* RestaurantApp.swift */; };
/* End PBXBuildFile section */

/* Begin PBXContainerItemProxy section */
		8C2D27722B58C47100268FA2 /* PBXContainerItemProxy */ = {
			isa = PBXContainerItemProxy;
			containerPortal = 8C2D27592B58C47000268FA2 /* Project object */;
			proxyType = 1;
			remoteGlobalIDString = 8C2D27602B58C47000268FA2;
			remoteInfo = "Restaurant Ordering App";
		};
		8C2D277C2B58C47100268FA2 /* PBXContainerItemProxy */ = {
			isa = PBXContainerItemProxy;
			containerPortal = 8C2D27592B58C47000268FA2 /* Project object */;
			proxyType = 1;
			remoteGlobalIDString = 8C2D27602B58C47000268FA2;
			remoteInfo = "Restaurant Ordering App";
		};
/* End PBXContainerItemProxy section */

/* Begin PBXFileReference section */
		8C2D27612B58C47000268FA2 /* Restaurant Ordering App.app */ = {isa = PBXFileReference; explicitFileType = wrapper.application; includeInIndex = 0; path = "Restaurant Ordering App.app"; sourceTree = BUILT_PRODUCTS_DIR; };
		8C2D27662B58C47000268FA2 /* ContentView.swift */ = {isa = PBXFileReference; lastKnownFileType = sourcecode.swift; path = ContentView.swift; sourceTree = "<group>"; };
		8C2D27682B58C47100268FA2 /* Assets.xcassets */ = {isa = PBXFileReference; lastKnownFileType = folder.assetcatalog; path = Assets.xcassets; sourceTree = "<group>"; };
		8C2D276B2B58C47100268FA2 /* Preview Assets.xcassets */ = {isa = PBXFileReference; lastKnownFileType = folder.assetcatalog; path = "Preview Assets.xcassets"; sourceTree = "<group>"; };
		8C2D27712B58C47100268FA2 /* Restaurant Ordering AppTests.xctest */ = {isa = PBXFileReference; explicitFileType = wrapper.cfbundle; includeInIndex = 0; path = "Restaurant Ordering AppTests.xctest"; sourceTree = BUILT_PRODUCTS_DIR; };
		8C2D27752B58C47100268FA2 /* Restaurant_Ordering_AppTests.swift */ = {isa = PBXFileReference; lastKnownFileType = sourcecode.swift; path = Restaurant_Ordering_AppTests.swift; sourceTree = "<group>"; };
		8C2D277B2B58C47100268FA2 /* Restaurant Ordering AppUITests.xctest */ = {isa = PBXFileReference; explicitFileType = wrapper.cfbundle; includeInIndex = 0; path = "Restaurant Ordering AppUITests.xctest"; sourceTree = BUILT_PRODUCTS_DIR; };
		8C2D277F2B58C47100268FA2 /* Restaurant_Ordering_AppUITests.swift */ = {isa = PBXFileReference; lastKnownFileType = sourcecode.swift; path = Restaurant_Ordering_AppUITests.swift; sourceTree = "<group>"; };
		8C2D27812B58C47100268FA2 /* Restaurant_Ordering_AppUITestsLaunchTests.swift */ = {isa = PBXFileReference; lastKnownFileType = sourcecode.swift; path = Restaurant_Ordering_AppUITestsLaunchTests.swift; sourceTree = "<group>"; };
		8C2D278E2B58C4A500268FA2 /* CheckoutView.swift */ = {isa = PBXFileReference; lastKnownFileType = sourcecode.swift; path = CheckoutView.swift; sourceTree = "<group>"; };
		8C2D27902B58C4B400268FA2 /* Helper.swift */ = {isa = PBXFileReference; lastKnownFileType = sourcecode.swift; path = Helper.swift; sourceTree = "<group>"; };
		8C2D27942B58C4DD00268FA2 /* ItemDetail.swift */ = {isa = PBXFileReference; lastKnownFileType = sourcecode.swift; path = ItemDetail.swift; sourceTree = "<group>"; };
		8C2D27962B58C4E900268FA2 /* ItemRow.swift */ = {isa = PBXFileReference; lastKnownFileType = sourcecode.swift; path = ItemRow.swift; sourceTree = "<group>"; };
		8C2D27982B58C4F300268FA2 /* MainView.swift */ = {isa = PBXFileReference; lastKnownFileType = sourcecode.swift; path = MainView.swift; sourceTree = "<group>"; };
		8C2D279A2B58C4FD00268FA2 /* Menu.swift */ = {isa = PBXFileReference; lastKnownFileType = sourcecode.swift; path = Menu.swift; sourceTree = "<group>"; };
		8C2D279C2B58C50800268FA2 /* Order.swift */ = {isa = PBXFileReference; lastKnownFileType = sourcecode.swift; path = Order.swift; sourceTree = "<group>"; };
		8C2D279E2B58C51300268FA2 /* OrderView.swift */ = {isa = PBXFileReference; lastKnownFileType = sourcecode.swift; path = OrderView.swift; sourceTree = "<group>"; };
		8C2D27A42B58C61400268FA2 /* menu.json */ = {isa = PBXFileReference; lastKnownFileType = text.json; path = menu.json; sourceTree = "<group>"; };
		8C2D27A62B58C79A00268FA2 /* RestaurantApp.swift */ = {isa = PBXFileReference; lastKnownFileType = sourcecode.swift; path = RestaurantApp.swift; sourceTree = "<group>"; };
/* End PBXFileReference section */

/* Begin PBXFrameworksBuildPhase section */
		8C2D275E2B58C47000268FA2 /* Frameworks */ = {
			isa = PBXFrameworksBuildPhase;
			buildActionMask = 2147483647;
			files = (
			);
			runOnlyForDeploymentPostprocessing = 0;
		};
		8C2D276E2B58C47100268FA2 /* Frameworks */ = {
			isa = PBXFrameworksBuildPhase;
			buildActionMask = 2147483647;
			files = (
			);
			runOnlyForDeploymentPostprocessing = 0;
		};
		8C2D27782B58C47100268FA2 /* Frameworks */ = {
			isa = PBXFrameworksBuildPhase;
			buildActionMask = 2147483647;
			files = (
			);
			runOnlyForDeploymentPostprocessing = 0;
		};
/* End PBXFrameworksBuildPhase section */

/* Begin PBXGroup section */
		8C2D27582B58C47000268FA2 = {
			isa = PBXGroup;
			children = (
				8C2D27632B58C47000268FA2 /* Restaurant Ordering App */,
				8C2D27742B58C47100268FA2 /* Restaurant Ordering AppTests */,
				8C2D277E2B58C47100268FA2 /* Restaurant Ordering AppUITests */,
				8C2D27622B58C47000268FA2 /* Products */,
			);
			sourceTree = "<group>";
		};
		8C2D27622B58C47000268FA2 /* Products */ = {
			isa = PBXGroup;
			children = (
				8C2D27612B58C47000268FA2 /* Restaurant Ordering App.app */,
				8C2D27712B58C47100268FA2 /* Restaurant Ordering AppTests.xctest */,
				8C2D277B2B58C47100268FA2 /* Restaurant Ordering AppUITests.xctest */,
			);
			name = Products;
			sourceTree = "<group>";
		};
		8C2D27632B58C47000268FA2 /* Restaurant Ordering App */ = {
			isa = PBXGroup;
			children = (
				8C2D27662B58C47000268FA2 /* ContentView.swift */,
				8C2D278E2B58C4A500268FA2 /* CheckoutView.swift */,
				8C2D27902B58C4B400268FA2 /* Helper.swift */,
				8C2D27942B58C4DD00268FA2 /* ItemDetail.swift */,
				8C2D27962B58C4E900268FA2 /* ItemRow.swift */,
				8C2D27982B58C4F300268FA2 /* MainView.swift */,
				8C2D279A2B58C4FD00268FA2 /* Menu.swift */,
				8C2D279C2B58C50800268FA2 /* Order.swift */,
				8C2D279E2B58C51300268FA2 /* OrderView.swift */,
				8C2D27A62B58C79A00268FA2 /* RestaurantApp.swift */,
				8C2D27A42B58C61400268FA2 /* menu.json */,
				8C2D27682B58C47100268FA2 /* Assets.xcassets */,
				8C2D276A2B58C47100268FA2 /* Preview Content */,
			);
			path = "Restaurant Ordering App";
			sourceTree = "<group>";
		};
		8C2D276A2B58C47100268FA2 /* Preview Content */ = {
			isa = PBXGroup;
			children = (
				8C2D276B2B58C47100268FA2 /* Preview Assets.xcassets */,
			);
			path = "Preview Content";
			sourceTree = "<group>";
		};
		8C2D27742B58C47100268FA2 /* Restaurant Ordering AppTests */ = {
			isa = PBXGroup;
			children = (
				8C2D27752B58C47100268FA2 /* Restaurant_Ordering_AppTests.swift */,
			);
			path = "Restaurant Ordering AppTests";
			sourceTree = "<group>";
		};
		8C2D277E2B58C47100268FA2 /* Restaurant Ordering AppUITests */ = {
			isa = PBXGroup;
			children = (
				8C2D277F2B58C47100268FA2 /* Restaurant_Ordering_AppUITests.swift */,
				8C2D27812B58C47100268FA2 /* Restaurant_Ordering_AppUITestsLaunchTests.swift */,
			);
			path = "Restaurant Ordering AppUITests";
			sourceTree = "<group>";
		};
/* End PBXGroup section */

/* Begin PBXNativeTarget section */
		8C2D27602B58C47000268FA2 /* Restaurant Ordering App */ = {
			isa = PBXNativeTarget;
			buildConfigurationList = 8C2D27852B58C47100268FA2 /* Build configuration list for PBXNativeTarget "Restaurant Ordering App" */;
			buildPhases = (
				8C2D275D2B58C47000268FA2 /* Sources */,
				8C2D275E2B58C47000268FA2 /* Frameworks */,
				8C2D275F2B58C47000268FA2 /* Resources */,
			);
			buildRules = (
			);
			dependencies = (
			);
			name = "Restaurant Ordering App";
			productName = "Restaurant Ordering App";
			productReference = 8C2D27612B58C47000268FA2 /* Restaurant Ordering App.app */;
			productType = "com.apple.product-type.application";
		};
		8C2D27702B58C47100268FA2 /* Restaurant Ordering AppTests */ = {
			isa = PBXNativeTarget;
			buildConfigurationList = 8C2D27882B58C47100268FA2 /* Build configuration list for PBXNativeTarget "Restaurant Ordering AppTests" */;
			buildPhases = (
				8C2D276D2B58C47100268FA2 /* Sources */,
				8C2D276E2B58C47100268FA2 /* Frameworks */,
				8C2D276F2B58C47100268FA2 /* Resources */,
			);
			buildRules = (
			);
			dependencies = (
				8C2D27732B58C47100268FA2 /* PBXTargetDependency */,
			);
			name = "Restaurant Ordering AppTests";
			productName = "Restaurant Ordering AppTests";
			productReference = 8C2D27712B58C47100268FA2 /* Restaurant Ordering AppTests.xctest */;
			productType = "com.apple.product-type.bundle.unit-test";
		};
		8C2D277A2B58C47100268FA2 /* Restaurant Ordering AppUITests */ = {
			isa = PBXNativeTarget;
			buildConfigurationList = 8C2D278B2B58C47100268FA2 /* Build configuration list for PBXNativeTarget "Restaurant Ordering AppUITests" */;
			buildPhases = (
				8C2D27772B58C47100268FA2 /* Sources */,
				8C2D27782B58C47100268FA2 /* Frameworks */,
				8C2D27792B58C47100268FA2 /* Resources */,
			);
			buildRules = (
			);
			dependencies = (
				8C2D277D2B58C47100268FA2 /* PBXTargetDependency */,
			);
			name = "Restaurant Ordering AppUITests";
			productName = "Restaurant Ordering AppUITests";
			productReference = 8C2D277B2B58C47100268FA2 /* Restaurant Ordering AppUITests.xctest */;
			productType = "com.apple.product-type.bundle.ui-testing";
		};
/* End PBXNativeTarget section */

/* Begin PBXProject section */
		8C2D27592B58C47000268FA2 /* Project object */ = {
			isa = PBXProject;
			attributes = {
				BuildIndependentTargetsInParallel = 1;
				LastSwiftUpdateCheck = 1520;
				LastUpgradeCheck = 1520;
				TargetAttributes = {
					8C2D27602B58C47000268FA2 = {
						CreatedOnToolsVersion = 15.2;
					};
					8C2D27702B58C47100268FA2 = {
						CreatedOnToolsVersion = 15.2;
						TestTargetID = 8C2D27602B58C47000268FA2;
					};
					8C2D277A2B58C47100268FA2 = {
						CreatedOnToolsVersion = 15.2;
						TestTargetID = 8C2D27602B58C47000268FA2;
					};
				};
			};
			buildConfigurationList = 8C2D275C2B58C47000268FA2 /* Build configuration list for PBXProject "Restaurant Ordering App" */;
			compatibilityVersion = "Xcode 14.0";
			developmentRegion = en;
			hasScannedForEncodings = 0;
			knownRegions = (
				en,
				Base,
			);
			mainGroup = 8C2D27582B58C47000268FA2;
			productRefGroup = 8C2D27622B58C47000268FA2 /* Products */;
			projectDirPath = "";
			projectRoot = "";
			targets = (
				8C2D27602B58C47000268FA2 /* Restaurant Ordering App */,
				8C2D27702B58C47100268FA2 /* Restaurant Ordering AppTests */,
				8C2D277A2B58C47100268FA2 /* Restaurant Ordering AppUITests */,
			);
		};
/* End PBXProject section */

/* Begin PBXResourcesBuildPhase section */
		8C2D275F2B58C47000268FA2 /* Resources */ = {
			isa = PBXResourcesBuildPhase;
			buildActionMask = 2147483647;
			files = (
				8C2D276C2B58C47100268FA2 /* Preview Assets.xcassets in Resources */,
				8C2D27692B58C47100268FA2 /* Assets.xcassets in Resources */,
				8C2D27A52B58C61400268FA2 /* menu.json in Resources */,
			);
			runOnlyForDeploymentPostprocessing = 0;
		};
		8C2D276F2B58C47100268FA2 /* Resources */ = {
			isa = PBXResourcesBuildPhase;
			buildActionMask = 2147483647;
			files = (
			);
			runOnlyForDeploymentPostprocessing = 0;
		};
		8C2D27792B58C47100268FA2 /* Resources */ = {
			isa = PBXResourcesBuildPhase;
			buildActionMask = 2147483647;
			files = (
			);
			runOnlyForDeploymentPostprocessing = 0;
		};
/* End PBXResourcesBuildPhase section */

/* Begin PBXSourcesBuildPhase section */
		8C2D275D2B58C47000268FA2 /* Sources */ = {
			isa = PBXSourcesBuildPhase;
			buildActionMask = 2147483647;
			files = (
				8C2D27672B58C47000268FA2 /* ContentView.swift in Sources */,
				8C2D27992B58C4F300268FA2 /* MainView.swift in Sources */,
				8C2D279B2B58C4FD00268FA2 /* Menu.swift in Sources */,
				8C2D279D2B58C50800268FA2 /* Order.swift in Sources */,
				8C2D27A72B58C79A00268FA2 /* RestaurantApp.swift in Sources */,
				8C2D278F2B58C4A500268FA2 /* CheckoutView.swift in Sources */,
				8C2D27972B58C4E900268FA2 /* ItemRow.swift in Sources */,
				8C2D27952B58C4DD00268FA2 /* ItemDetail.swift in Sources */,
				8C2D27912B58C4B400268FA2 /* Helper.swift in Sources */,
				8C2D279F2B58C51300268FA2 /* OrderView.swift in Sources */,
			);
			runOnlyForDeploymentPostprocessing = 0;
		};
		8C2D276D2B58C47100268FA2 /* Sources */ = {
			isa = PBXSourcesBuildPhase;
			buildActionMask = 2147483647;
			files = (
				8C2D27762B58C47100268FA2 /* Restaurant_Ordering_AppTests.swift in Sources */,
			);
			runOnlyForDeploymentPostprocessing = 0;
		};
		8C2D27772B58C47100268FA2 /* Sources */ = {
			isa = PBXSourcesBuildPhase;
			buildActionMask = 2147483647;
			files = (
				8C2D27802B58C47100268FA2 /* Restaurant_Ordering_AppUITests.swift in Sources */,
				8C2D27822B58C47100268FA2 /* Restaurant_Ordering_AppUITestsLaunchTests.swift in Sources */,
			);
			runOnlyForDeploymentPostprocessing = 0;
		};
/* End PBXSourcesBuildPhase section */

/* Begin PBXTargetDependency section */
		8C2D27732B58C47100268FA2 /* PBXTargetDependency */ = {
			isa = PBXTargetDependency;
			target = 8C2D27602B58C47000268FA2 /* Restaurant Ordering App */;
			targetProxy = 8C2D27722B58C47100268FA2 /* PBXContainerItemProxy */;
		};
		8C2D277D2B58C47100268FA2 /* PBXTargetDependency */ = {
			isa = PBXTargetDependency;
			target = 8C2D27602B58C47000268FA2 /* Restaurant Ordering App */;
			targetProxy = 8C2D277C2B58C47100268FA2 /* PBXContainerItemProxy */;
		};
/* End PBXTargetDependency section */

/* Begin XCBuildConfiguration section */
		8C2D27832B58C47100268FA2 /* Debug */ = {
			isa = XCBuildConfiguration;
			buildSettings = {
				ALWAYS_SEARCH_USER_PATHS = NO;
				ASSETCATALOG_COMPILER_GENERATE_SWIFT_ASSET_SYMBOL_EXTENSIONS = YES;
				CLANG_ANALYZER_NONNULL = YES;
				CLANG_ANALYZER_NUMBER_OBJECT_CONVERSION = YES_AGGRESSIVE;
				CLANG_CXX_LANGUAGE_STANDARD = "gnu++20";
				CLANG_ENABLE_MODULES = YES;
				CLANG_ENABLE_OBJC_ARC = YES;
				CLANG_ENABLE_OBJC_WEAK = YES;
				CLANG_WARN_BLOCK_CAPTURE_AUTORELEASING = YES;
				CLANG_WARN_BOOL_CONVERSION = YES;
				CLANG_WARN_COMMA = YES;
				CLANG_WARN_CONSTANT_CONVERSION = YES;
				CLANG_WARN_DEPRECATED_OBJC_IMPLEMENTATIONS = YES;
				CLANG_WARN_DIRECT_OBJC_ISA_USAGE = YES_ERROR;
				CLANG_WARN_DOCUMENTATION_COMMENTS = YES;
				CLANG_WARN_EMPTY_BODY = YES;
				CLANG_WARN_ENUM_CONVERSION = YES;
				CLANG_WARN_INFINITE_RECURSION = YES;
				CLANG_WARN_INT_CONVERSION = YES;
				CLANG_WARN_NON_LITERAL_NULL_CONVERSION = YES;
				CLANG_WARN_OBJC_IMPLICIT_RETAIN_SELF = YES;
				CLANG_WARN_OBJC_LITERAL_CONVERSION = YES;
				CLANG_WARN_OBJC_ROOT_CLASS = YES_ERROR;
				CLANG_WARN_QUOTED_INCLUDE_IN_FRAMEWORK_HEADER = YES;
				CLANG_WARN_RANGE_LOOP_ANALYSIS = YES;
				CLANG_WARN_STRICT_PROTOTYPES = YES;
				CLANG_WARN_SUSPICIOUS_MOVE = YES;
				CLANG_WARN_UNGUARDED_AVAILABILITY = YES_AGGRESSIVE;
				CLANG_WARN_UNREACHABLE_CODE = YES;
				CLANG_WARN__DUPLICATE_METHOD_MATCH = YES;
				COPY_PHASE_STRIP = NO;
				DEBUG_INFORMATION_FORMAT = dwarf;
				ENABLE_STRICT_OBJC_MSGSEND = YES;
				ENABLE_TESTABILITY = YES;
				ENABLE_USER_SCRIPT_SANDBOXING = YES;
				GCC_C_LANGUAGE_STANDARD = gnu17;
				GCC_DYNAMIC_NO_PIC = NO;
				GCC_NO_COMMON_BLOCKS = YES;
				GCC_OPTIMIZATION_LEVEL = 0;
				GCC_PREPROCESSOR_DEFINITIONS = (
					"DEBUG=1",
					"$(inherited)",
				);
				GCC_WARN_64_TO_32_BIT_CONVERSION = YES;
				GCC_WARN_ABOUT_RETURN_TYPE = YES_ERROR;
				GCC_WARN_UNDECLARED_SELECTOR = YES;
				GCC_WARN_UNINITIALIZED_AUTOS = YES_AGGRESSIVE;
				GCC_WARN_UNUSED_FUNCTION = YES;
				GCC_WARN_UNUSED_VARIABLE = YES;
				IPHONEOS_DEPLOYMENT_TARGET = 17.2;
				LOCALIZATION_PREFERS_STRING_CATALOGS = YES;
				MTL_ENABLE_DEBUG_INFO = INCLUDE_SOURCE;
				MTL_FAST_MATH = YES;
				ONLY_ACTIVE_ARCH = YES;
				SDKROOT = iphoneos;
				SWIFT_ACTIVE_COMPILATION_CONDITIONS = "DEBUG $(inherited)";
				SWIFT_OPTIMIZATION_LEVEL = "-Onone";
			};
			name = Debug;
		};
		8C2D27842B58C47100268FA2 /* Release */ = {
			isa = XCBuildConfiguration;
			buildSettings = {
				ALWAYS_SEARCH_USER_PATHS = NO;
				ASSETCATALOG_COMPILER_GENERATE_SWIFT_ASSET_SYMBOL_EXTENSIONS = YES;
				CLANG_ANALYZER_NONNULL = YES;
				CLANG_ANALYZER_NUMBER_OBJECT_CONVERSION = YES_AGGRESSIVE;
				CLANG_CXX_LANGUAGE_STANDARD = "gnu++20";
				CLANG_ENABLE_MODULES = YES;
				CLANG_ENABLE_OBJC_ARC = YES;
				CLANG_ENABLE_OBJC_WEAK = YES;
				CLANG_WARN_BLOCK_CAPTURE_AUTORELEASING = YES;
				CLANG_WARN_BOOL_CONVERSION = YES;
				CLANG_WARN_COMMA = YES;
				CLANG_WARN_CONSTANT_CONVERSION = YES;
				CLANG_WARN_DEPRECATED_OBJC_IMPLEMENTATIONS = YES;
				CLANG_WARN_DIRECT_OBJC_ISA_USAGE = YES_ERROR;
				CLANG_WARN_DOCUMENTATION_COMMENTS = YES;
				CLANG_WARN_EMPTY_BODY = YES;
				CLANG_WARN_ENUM_CONVERSION = YES;
				CLANG_WARN_INFINITE_RECURSION = YES;
				CLANG_WARN_INT_CONVERSION = YES;
				CLANG_WARN_NON_LITERAL_NULL_CONVERSION = YES;
				CLANG_WARN_OBJC_IMPLICIT_RETAIN_SELF = YES;
				CLANG_WARN_OBJC_LITERAL_CONVERSION = YES;
				CLANG_WARN_OBJC_ROOT_CLASS = YES_ERROR;
				CLANG_WARN_QUOTED_INCLUDE_IN_FRAMEWORK_HEADER = YES;
				CLANG_WARN_RANGE_LOOP_ANALYSIS = YES;
				CLANG_WARN_STRICT_PROTOTYPES = YES;
				CLANG_WARN_SUSPICIOUS_MOVE = YES;
				CLANG_WARN_UNGUARDED_AVAILABILITY = YES_AGGRESSIVE;
				CLANG_WARN_UNREACHABLE_CODE = YES;
				CLANG_WARN__DUPLICATE_METHOD_MATCH = YES;
				COPY_PHASE_STRIP = NO;
				DEBUG_INFORMATION_FORMAT = "dwarf-with-dsym";
				ENABLE_NS_ASSERTIONS = NO;
				ENABLE_STRICT_OBJC_MSGSEND = YES;
				ENABLE_USER_SCRIPT_SANDBOXING = YES;
				GCC_C_LANGUAGE_STANDARD = gnu17;
				GCC_NO_COMMON_BLOCKS = YES;
				GCC_WARN_64_TO_32_BIT_CONVERSION = YES;
				GCC_WARN_ABOUT_RETURN_TYPE = YES_ERROR;
				GCC_WARN_UNDECLARED_SELECTOR = YES;
				GCC_WARN_UNINITIALIZED_AUTOS = YES_AGGRESSIVE;
				GCC_WARN_UNUSED_FUNCTION = YES;
				GCC_WARN_UNUSED_VARIABLE = YES;
				IPHONEOS_DEPLOYMENT_TARGET = 17.2;
				LOCALIZATION_PREFERS_STRING_CATALOGS = YES;
				MTL_ENABLE_DEBUG_INFO = NO;
				MTL_FAST_MATH = YES;
				SDKROOT = iphoneos;
				SWIFT_COMPILATION_MODE = wholemodule;
				VALIDATE_PRODUCT = YES;
			};
			name = Release;
		};
		8C2D27862B58C47100268FA2 /* Debug */ = {
			isa = XCBuildConfiguration;
			buildSettings = {
				ASSETCATALOG_COMPILER_APPICON_NAME = AppIcon;
				ASSETCATALOG_COMPILER_GLOBAL_ACCENT_COLOR_NAME = AccentColor;
				CODE_SIGN_STYLE = Automatic;
				CURRENT_PROJECT_VERSION = 1;
				DEVELOPMENT_ASSET_PATHS = "\"Restaurant Ordering App/Preview Content\"";
				ENABLE_PREVIEWS = YES;
				GENERATE_INFOPLIST_FILE = YES;
				INFOPLIST_KEY_UIApplicationSceneManifest_Generation = YES;
				INFOPLIST_KEY_UIApplicationSupportsIndirectInputEvents = YES;
				INFOPLIST_KEY_UILaunchScreen_Generation = YES;
				INFOPLIST_KEY_UISupportedInterfaceOrientations_iPad = "UIInterfaceOrientationPortrait UIInterfaceOrientationPortraitUpsideDown UIInterfaceOrientationLandscapeLeft UIInterfaceOrientationLandscapeRight";
				INFOPLIST_KEY_UISupportedInterfaceOrientations_iPhone = "UIInterfaceOrientationPortrait UIInterfaceOrientationLandscapeLeft UIInterfaceOrientationLandscapeRight";
				LD_RUNPATH_SEARCH_PATHS = (
					"$(inherited)",
					"@executable_path/Frameworks",
				);
				MARKETING_VERSION = 1.0;
				PRODUCT_BUNDLE_IDENTIFIER = "SasankaPonnaganti.Restaurant-Ordering-App";
				PRODUCT_NAME = "$(TARGET_NAME)";
				SWIFT_EMIT_LOC_STRINGS = YES;
				SWIFT_VERSION = 5.0;
				TARGETED_DEVICE_FAMILY = "1,2";
			};
			name = Debug;
		};
		8C2D27872B58C47100268FA2 /* Release */ = {
			isa = XCBuildConfiguration;
			buildSettings = {
				ASSETCATALOG_COMPILER_APPICON_NAME = AppIcon;
				ASSETCATALOG_COMPILER_GLOBAL_ACCENT_COLOR_NAME = AccentColor;
				CODE_SIGN_STYLE = Automatic;
				CURRENT_PROJECT_VERSION = 1;
				DEVELOPMENT_ASSET_PATHS = "\"Restaurant Ordering App/Preview Content\"";
				ENABLE_PREVIEWS = YES;
				GENERATE_INFOPLIST_FILE = YES;
				INFOPLIST_KEY_UIApplicationSceneManifest_Generation = YES;
				INFOPLIST_KEY_UIApplicationSupportsIndirectInputEvents = YES;
				INFOPLIST_KEY_UILaunchScreen_Generation = YES;
				INFOPLIST_KEY_UISupportedInterfaceOrientations_iPad = "UIInterfaceOrientationPortrait UIInterfaceOrientationPortraitUpsideDown UIInterfaceOrientationLandscapeLeft UIInterfaceOrientationLandscapeRight";
				INFOPLIST_KEY_UISupportedInterfaceOrientations_iPhone = "UIInterfaceOrientationPortrait UIInterfaceOrientationLandscapeLeft UIInterfaceOrientationLandscapeRight";
				LD_RUNPATH_SEARCH_PATHS = (
					"$(inherited)",
					"@executable_path/Frameworks",
				);
				MARKETING_VERSION = 1.0;
				PRODUCT_BUNDLE_IDENTIFIER = "SasankaPonnaganti.Restaurant-Ordering-App";
				PRODUCT_NAME = "$(TARGET_NAME)";
				SWIFT_EMIT_LOC_STRINGS = YES;
				SWIFT_VERSION = 5.0;
				TARGETED_DEVICE_FAMILY = "1,2";
			};
			name = Release;
		};
		8C2D27892B58C47100268FA2 /* Debug */ = {
			isa = XCBuildConfiguration;
			buildSettings = {
				ALWAYS_EMBED_SWIFT_STANDARD_LIBRARIES = YES;
				BUNDLE_LOADER = "$(TEST_HOST)";
				CODE_SIGN_STYLE = Automatic;
				CURRENT_PROJECT_VERSION = 1;
				GENERATE_INFOPLIST_FILE = YES;
				IPHONEOS_DEPLOYMENT_TARGET = 17.2;
				MARKETING_VERSION = 1.0;
				PRODUCT_BUNDLE_IDENTIFIER = "SasankaPonnaganti.Restaurant-Ordering-AppTests";
				PRODUCT_NAME = "$(TARGET_NAME)";
				SWIFT_EMIT_LOC_STRINGS = NO;
				SWIFT_VERSION = 5.0;
				TARGETED_DEVICE_FAMILY = "1,2";
				TEST_HOST = "$(BUILT_PRODUCTS_DIR)/Restaurant Ordering App.app/$(BUNDLE_EXECUTABLE_FOLDER_PATH)/Restaurant Ordering App";
			};
			name = Debug;
		};
		8C2D278A2B58C47100268FA2 /* Release */ = {
			isa = XCBuildConfiguration;
			buildSettings = {
				ALWAYS_EMBED_SWIFT_STANDARD_LIBRARIES = YES;
				BUNDLE_LOADER = "$(TEST_HOST)";
				CODE_SIGN_STYLE = Automatic;
				CURRENT_PROJECT_VERSION = 1;
				GENERATE_INFOPLIST_FILE = YES;
				IPHONEOS_DEPLOYMENT_TARGET = 17.2;
				MARKETING_VERSION = 1.0;
				PRODUCT_BUNDLE_IDENTIFIER = "SasankaPonnaganti.Restaurant-Ordering-AppTests";
				PRODUCT_NAME = "$(TARGET_NAME)";
				SWIFT_EMIT_LOC_STRINGS = NO;
				SWIFT_VERSION = 5.0;
				TARGETED_DEVICE_FAMILY = "1,2";
				TEST_HOST = "$(BUILT_PRODUCTS_DIR)/Restaurant Ordering App.app/$(BUNDLE_EXECUTABLE_FOLDER_PATH)/Restaurant Ordering App";
			};
			name = Release;
		};
		8C2D278C2B58C47100268FA2 /* Debug */ = {
			isa = XCBuildConfiguration;
			buildSettings = {
				ALWAYS_EMBED_SWIFT_STANDARD_LIBRARIES = YES;
				CODE_SIGN_STYLE = Automatic;
				CURRENT_PROJECT_VERSION = 1;
				GENERATE_INFOPLIST_FILE = YES;
				MARKETING_VERSION = 1.0;
				PRODUCT_BUNDLE_IDENTIFIER = "SasankaPonnaganti.Restaurant-Ordering-AppUITests";
				PRODUCT_NAME = "$(TARGET_NAME)";
				SWIFT_EMIT_LOC_STRINGS = NO;
				SWIFT_VERSION = 5.0;
				TARGETED_DEVICE_FAMILY = "1,2";
				TEST_TARGET_NAME = "Restaurant Ordering App";
			};
			name = Debug;
		};
		8C2D278D2B58C47100268FA2 /* Release */ = {
			isa = XCBuildConfiguration;
			buildSettings = {
				ALWAYS_EMBED_SWIFT_STANDARD_LIBRARIES = YES;
				CODE_SIGN_STYLE = Automatic;
				CURRENT_PROJECT_VERSION = 1;
				GENERATE_INFOPLIST_FILE = YES;
				MARKETING_VERSION = 1.0;
				PRODUCT_BUNDLE_IDENTIFIER = "SasankaPonnaganti.Restaurant-Ordering-AppUITests";
				PRODUCT_NAME = "$(TARGET_NAME)";
				SWIFT_EMIT_LOC_STRINGS = NO;
				SWIFT_VERSION = 5.0;
				TARGETED_DEVICE_FAMILY = "1,2";
				TEST_TARGET_NAME = "Restaurant Ordering App";
			};
			name = Release;
		};
/* End XCBuildConfiguration section */

/* Begin XCConfigurationList section */
		8C2D275C2B58C47000268FA2 /* Build configuration list for PBXProject "Restaurant Ordering App" */ = {
			isa = XCConfigurationList;
			buildConfigurations = (
				8C2D27832B58C47100268FA2 /* Debug */,
				8C2D27842B58C47100268FA2 /* Release */,
			);
			defaultConfigurationIsVisible = 0;
			defaultConfigurationName = Release;
		};
		8C2D27852B58C47100268FA2 /* Build configuration list for PBXNativeTarget "Restaurant Ordering App" */ = {
			isa = XCConfigurationList;
			buildConfigurations = (
				8C2D27862B58C47100268FA2 /* Debug */,
				8C2D27872B58C47100268FA2 /* Release */,
			);
			defaultConfigurationIsVisible = 0;
			defaultConfigurationName = Release;
		};
		8C2D27882B58C47100268FA2 /* Build configuration list for PBXNativeTarget "Restaurant Ordering AppTests" */ = {
			isa = XCConfigurationList;
			buildConfigurations = (
				8C2D27892B58C47100268FA2 /* Debug */,
				8C2D278A2B58C47100268FA2 /* Release */,
			);
			defaultConfigurationIsVisible = 0;
			defaultConfigurationName = Release;
		};
		8C2D278B2B58C47100268FA2 /* Build configuration list for PBXNativeTarget "Restaurant Ordering AppUITests" */ = {
			isa = XCConfigurationList;
			buildConfigurations = (
				8C2D278C2B58C47100268FA2 /* Debug */,
				8C2D278D2B58C47100268FA2 /* Release */,
			);
			defaultConfigurationIsVisible = 0;
			defaultConfigurationName = Release;
		};
/* End XCConfigurationList section */
	};
	rootObject = 8C2D27592B58C47000268FA2 /* Project object */;
}
